
Microsoft Visual Studio Solution File, Format Version 12.00
# Visual Studio Version 16
VisualStudioVersion = 16.0.30225.117
MinimumVisualStudioVersion = 10.0.40219.1
Project("{FAE04EC0-301F-11D3-BF4B-00C04F79EFBC}") = "APIKeyBasedAuthentication", "APIKeyBasedAuthentication\APIKeyBasedAuthentication.csproj", "{6D049E14-4E13-4613-8525-66D9A31484ED}"
EndProject
Global
	GlobalSection(SolutionConfigurationPlatforms) = preSolution
		Debug|Any CPU = Debug|Any CPU
		Release|Any CPU = Release|Any CPU
	EndGlobalSection
	GlobalSection(ProjectConfigurationPlatforms) = postSolution
		{6D049E14-4E13-4613-8525-66D9A31484ED}.Debug|Any CPU.ActiveCfg = Debug|Any CPU
		{6D049E14-4E13-4613-8525-66D9A31484ED}.Debug|Any CPU.Build.0 = Debug|Any CPU
		{6D049E14-4E13-4613-8525-66D9A31484ED}.Release|Any CPU.ActiveCfg = Release|Any CPU
		{6D049E14-4E13-4613-8525-66D9A31484ED}.Release|Any CPU.Build.0 = Release|Any CPU
	EndGlobalSection
	GlobalSection(SolutionProperties) = preSolution
		HideSolutionNode = FALSE
	EndGlobalSection
	GlobalSection(ExtensibilityGlobals) = postSolution
		SolutionGuid = {0EACD086-0B49-4533-B32D-B2C0D675AC40}
	EndGlobalSection
EndGlobal
